
Microsoft Visual Studio Solution File, Format Version 12.00
# Visual Studio 15
VisualStudioVersion = 15.0.26730.12
MinimumVisualStudioVersion = 10.0.40219.1
Project("{FAE04EC0-301F-11D3-BF4B-00C04F79EFBC}") = "Oslo.Tests", "Oslo.Tests\Oslo.Tests.csproj", "{BD2534FD-A6D8-42D5-AAE7-B90B96369BCE}"
EndProject
Project("{FAE04EC0-301F-11D3-BF4B-00C04F79EFBC}") = "Odesolve_lazy", "Odesolve_lazy\Odesolve_lazy.csproj", "{3E761A17-F60C-41B8-819E-C3C269599A50}"
EndProject
Global
	GlobalSection(SolutionConfigurationPlatforms) = preSolution
		Debug|Any CPU = Debug|Any CPU
		Debug|x64 = Debug|x64
		Debug|x86 = Debug|x86
		Release|Any CPU = Release|Any CPU
		Release|x64 = Release|x64
		Release|x86 = Release|x86
	EndGlobalSection
	GlobalSection(ProjectConfigurationPlatforms) = postSolution
		{BD2534FD-A6D8-42D5-AAE7-B90B96369BCE}.Debug|Any CPU.ActiveCfg = Debug|Any CPU
		{BD2534FD-A6D8-42D5-AAE7-B90B96369BCE}.Debug|Any CPU.Build.0 = Debug|Any CPU
		{BD2534FD-A6D8-42D5-AAE7-B90B96369BCE}.Debug|x64.ActiveCfg = Debug|x64
		{BD2534FD-A6D8-42D5-AAE7-B90B96369BCE}.Debug|x64.Build.0 = Debug|x64
		{BD2534FD-A6D8-42D5-AAE7-B90B96369BCE}.Debug|x86.ActiveCfg = Debug|x86
		{BD2534FD-A6D8-42D5-AAE7-B90B96369BCE}.Debug|x86.Build.0 = Debug|x86
		{BD2534FD-A6D8-42D5-AAE7-B90B96369BCE}.Release|Any CPU.ActiveCfg = Release|Any CPU
		{BD2534FD-A6D8-42D5-AAE7-B90B96369BCE}.Release|Any CPU.Build.0 = Release|Any CPU
		{BD2534FD-A6D8-42D5-AAE7-B90B96369BCE}.Release|x64.ActiveCfg = Release|x64
		{BD2534FD-A6D8-42D5-AAE7-B90B96369BCE}.Release|x64.Build.0 = Release|x64
		{BD2534FD-A6D8-42D5-AAE7-B90B96369BCE}.Release|x86.ActiveCfg = Release|x86
		{BD2534FD-A6D8-42D5-AAE7-B90B96369BCE}.Release|x86.Build.0 = Release|x86
		{3E761A17-F60C-41B8-819E-C3C269599A50}.Debug|Any CPU.ActiveCfg = Debug|Any CPU
		{3E761A17-F60C-41B8-819E-C3C269599A50}.Debug|Any CPU.Build.0 = Debug|Any CPU
		{3E761A17-F60C-41B8-819E-C3C269599A50}.Debug|x64.ActiveCfg = Debug|Any CPU
		{3E761A17-F60C-41B8-819E-C3C269599A50}.Debug|x64.Build.0 = Debug|Any CPU
		{3E761A17-F60C-41B8-819E-C3C269599A50}.Debug|x86.ActiveCfg = Debug|Any CPU
		{3E761A17-F60C-41B8-819E-C3C269599A50}.Debug|x86.Build.0 = Debug|Any CPU
		{3E761A17-F60C-41B8-819E-C3C269599A50}.Release|Any CPU.ActiveCfg = Release|Any CPU
		{3E761A17-F60C-41B8-819E-C3C269599A50}.Release|Any CPU.Build.0 = Release|Any CPU
		{3E761A17-F60C-41B8-819E-C3C269599A50}.Release|x64.ActiveCfg = Release|Any CPU
		{3E761A17-F60C-41B8-819E-C3C269599A50}.Release|x64.Build.0 = Release|Any CPU
		{3E761A17-F60C-41B8-819E-C3C269599A50}.Release|x86.ActiveCfg = Release|Any CPU
		{3E761A17-F60C-41B8-819E-C3C269599A50}.Release|x86.Build.0 = Release|Any CPU
	EndGlobalSection
	GlobalSection(SolutionProperties) = preSolution
		HideSolutionNode = FALSE
	EndGlobalSection
	GlobalSection(ExtensibilityGlobals) = postSolution
		SolutionGuid = {B2B94171-CED9-466E-B156-C2F85479C414}
	EndGlobalSection
EndGlobal
